
Microsoft Visual Studio Solution File, Format Version 12.00
# Visual Studio 15
VisualStudioVersion = 15.0.28307.329
MinimumVisualStudioVersion = 10.0.40219.1
Project("{FAE04EC0-301F-11D3-BF4B-00C04F79EFBC}") = "Vidly", "Vidly\Vidly.csproj", "{DF8BB5D4-2BED-47F3-BA31-2DDBC7048774}"
EndProject
Project("{2150E333-8FDC-42A3-9474-1A3956D46DE8}") = "Solution Items", "Solution Items", "{F2A81682-47F1-4356-BA99-2DBE555B873B}"
	ProjectSection(SolutionItems) = preProject
		Readme.md = Readme.md
	EndProjectSection
EndProject
Global
	GlobalSection(SolutionConfigurationPlatforms) = preSolution
		Debug|Any CPU = Debug|Any CPU
		Release|Any CPU = Release|Any CPU
	EndGlobalSection
	GlobalSection(ProjectConfigurationPlatforms) = postSolution
		{DF8BB5D4-2BED-47F3-BA31-2DDBC7048774}.Debug|Any CPU.ActiveCfg = Debug|Any CPU
		{DF8BB5D4-2BED-47F3-BA31-2DDBC7048774}.Debug|Any CPU.Build.0 = Debug|Any CPU
		{DF8BB5D4-2BED-47F3-BA31-2DDBC7048774}.Release|Any CPU.ActiveCfg = Release|Any CPU
		{DF8BB5D4-2BED-47F3-BA31-2DDBC7048774}.Release|Any CPU.Build.0 = Release|Any CPU
	EndGlobalSection
	GlobalSection(SolutionProperties) = preSolution
		HideSolutionNode = FALSE
	EndGlobalSection
	GlobalSection(ExtensibilityGlobals) = postSolution
		SolutionGuid = {FA4D055C-BDC0-4F5F-8E1C-AE710D31E204}
	EndGlobalSection
EndGlobal
